
Microsoft Visual Studio Solution File, Format Version 12.00
# Visual Studio Version 17
VisualStudioVersion = 17.5.33627.172
MinimumVisualStudioVersion = 10.0.40219.1
Project("{8BC9CEB8-8B4A-11D0-8D11-00A0C91BC942}") = "задание по теме «Классы и объекты» 3.2", "задание по теме «Классы и объекты» 3.2.vcxproj", "{C9CD1009-1F24-4F5B-B079-1032B2120756}"
EndProject
Global
	GlobalSection(SolutionConfigurationPlatforms) = preSolution
		Debug|x64 = Debug|x64
		Debug|x86 = Debug|x86
		Release|x64 = Release|x64
		Release|x86 = Release|x86
	EndGlobalSection
	GlobalSection(ProjectConfigurationPlatforms) = postSolution
		{C9CD1009-1F24-4F5B-B079-1032B2120756}.Debug|x64.ActiveCfg = Debug|x64
		{C9CD1009-1F24-4F5B-B079-1032B2120756}.Debug|x64.Build.0 = Debug|x64
		{C9CD1009-1F24-4F5B-B079-1032B2120756}.Debug|x86.ActiveCfg = Debug|Win32
		{C9CD1009-1F24-4F5B-B079-1032B2120756}.Debug|x86.Build.0 = Debug|Win32
		{C9CD1009-1F24-4F5B-B079-1032B2120756}.Release|x64.ActiveCfg = Release|x64
		{C9CD1009-1F24-4F5B-B079-1032B2120756}.Release|x64.Build.0 = Release|x64
		{C9CD1009-1F24-4F5B-B079-1032B2120756}.Release|x86.ActiveCfg = Release|Win32
		{C9CD1009-1F24-4F5B-B079-1032B2120756}.Release|x86.Build.0 = Release|Win32
	EndGlobalSection
	GlobalSection(SolutionProperties) = preSolution
		HideSolutionNode = FALSE
	EndGlobalSection
	GlobalSection(ExtensibilityGlobals) = postSolution
		SolutionGuid = {03227BB4-765F-4EAA-9020-497D9364E4E4}
	EndGlobalSection
EndGlobal
